
Microsoft Visual Studio Solution File, Format Version 12.00
Project("{FAE04EC0-301F-11D3-BF4B-00C04F79EFBC}") = "ProductRepository", "ProductRepository\ProductRepository.csproj", "{AAFBDAA7-AC94-43B1-90A3-EFE18B3FE151}"
EndProject
Global
	GlobalSection(SolutionConfigurationPlatforms) = preSolution
		Debug|Any CPU = Debug|Any CPU
		Release|Any CPU = Release|Any CPU
	EndGlobalSection
	GlobalSection(ProjectConfigurationPlatforms) = postSolution
		{AAFBDAA7-AC94-43B1-90A3-EFE18B3FE151}.Debug|Any CPU.ActiveCfg = Debug|Any CPU
		{AAFBDAA7-AC94-43B1-90A3-EFE18B3FE151}.Debug|Any CPU.Build.0 = Debug|Any CPU
		{AAFBDAA7-AC94-43B1-90A3-EFE18B3FE151}.Release|Any CPU.ActiveCfg = Release|Any CPU
		{AAFBDAA7-AC94-43B1-90A3-EFE18B3FE151}.Release|Any CPU.Build.0 = Release|Any CPU
	EndGlobalSection
EndGlobal
